
Microsoft Visual Studio Solution File, Format Version 12.00
# Visual Studio Version 16
VisualStudioVersion = 16.0.30907.101
MinimumVisualStudioVersion = 10.0.40219.1
Project("{FAE04EC0-301F-11D3-BF4B-00C04F79EFBC}") = "TAAS.Domain", "TAAS.Domain\TAAS.Domain.csproj", "{77976D7C-9D8C-4576-B89C-BADEC38F518F}"
EndProject
Project("{FAE04EC0-301F-11D3-BF4B-00C04F79EFBC}") = "TAAS.Repository", "TAAS.Repository\TAAS.Repository.csproj", "{94794751-FB90-4A26-ACF6-54E3F7A3D5C4}"
EndProject
Global
	GlobalSection(SolutionConfigurationPlatforms) = preSolution
		Debug|Any CPU = Debug|Any CPU
		Release|Any CPU = Release|Any CPU
	EndGlobalSection
	GlobalSection(ProjectConfigurationPlatforms) = postSolution
		{77976D7C-9D8C-4576-B89C-BADEC38F518F}.Debug|Any CPU.ActiveCfg = Debug|Any CPU
		{77976D7C-9D8C-4576-B89C-BADEC38F518F}.Debug|Any CPU.Build.0 = Debug|Any CPU
		{77976D7C-9D8C-4576-B89C-BADEC38F518F}.Release|Any CPU.ActiveCfg = Release|Any CPU
		{77976D7C-9D8C-4576-B89C-BADEC38F518F}.Release|Any CPU.Build.0 = Release|Any CPU
		{94794751-FB90-4A26-ACF6-54E3F7A3D5C4}.Debug|Any CPU.ActiveCfg = Debug|Any CPU
		{94794751-FB90-4A26-ACF6-54E3F7A3D5C4}.Debug|Any CPU.Build.0 = Debug|Any CPU
		{94794751-FB90-4A26-ACF6-54E3F7A3D5C4}.Release|Any CPU.ActiveCfg = Release|Any CPU
		{94794751-FB90-4A26-ACF6-54E3F7A3D5C4}.Release|Any CPU.Build.0 = Release|Any CPU
	EndGlobalSection
	GlobalSection(SolutionProperties) = preSolution
		HideSolutionNode = FALSE
	EndGlobalSection
	GlobalSection(ExtensibilityGlobals) = postSolution
		SolutionGuid = {0F35300F-77AD-4BD6-9294-1A8605AE521E}
	EndGlobalSection
EndGlobal
